
Microsoft Visual Studio Solution File, Format Version 12.00
# Visual Studio 15
VisualStudioVersion = 15.0.26124.0
MinimumVisualStudioVersion = 15.0.26124.0
Project("{FAE04EC0-301F-11D3-BF4B-00C04F79EFBC}") = "atdotnetexample", "atdotnetexample.csproj", "{8D46ACD8-AE08-45FB-A251-5E68D41CCFCE}"
EndProject
Global
	GlobalSection(SolutionConfigurationPlatforms) = preSolution
		Debug|Any CPU = Debug|Any CPU
		Debug|x64 = Debug|x64
		Debug|x86 = Debug|x86
		Release|Any CPU = Release|Any CPU
		Release|x64 = Release|x64
		Release|x86 = Release|x86
	EndGlobalSection
	GlobalSection(SolutionProperties) = preSolution
		HideSolutionNode = FALSE
	EndGlobalSection
	GlobalSection(ProjectConfigurationPlatforms) = postSolution
		{8D46ACD8-AE08-45FB-A251-5E68D41CCFCE}.Debug|Any CPU.ActiveCfg = Debug|Any CPU
		{8D46ACD8-AE08-45FB-A251-5E68D41CCFCE}.Debug|Any CPU.Build.0 = Debug|Any CPU
		{8D46ACD8-AE08-45FB-A251-5E68D41CCFCE}.Debug|x64.ActiveCfg = Debug|Any CPU
		{8D46ACD8-AE08-45FB-A251-5E68D41CCFCE}.Debug|x64.Build.0 = Debug|Any CPU
		{8D46ACD8-AE08-45FB-A251-5E68D41CCFCE}.Debug|x86.ActiveCfg = Debug|Any CPU
		{8D46ACD8-AE08-45FB-A251-5E68D41CCFCE}.Debug|x86.Build.0 = Debug|Any CPU
		{8D46ACD8-AE08-45FB-A251-5E68D41CCFCE}.Release|Any CPU.ActiveCfg = Release|Any CPU
		{8D46ACD8-AE08-45FB-A251-5E68D41CCFCE}.Release|Any CPU.Build.0 = Release|Any CPU
		{8D46ACD8-AE08-45FB-A251-5E68D41CCFCE}.Release|x64.ActiveCfg = Release|Any CPU
		{8D46ACD8-AE08-45FB-A251-5E68D41CCFCE}.Release|x64.Build.0 = Release|Any CPU
		{8D46ACD8-AE08-45FB-A251-5E68D41CCFCE}.Release|x86.ActiveCfg = Release|Any CPU
		{8D46ACD8-AE08-45FB-A251-5E68D41CCFCE}.Release|x86.Build.0 = Release|Any CPU
	EndGlobalSection
EndGlobal
